
Microsoft Visual Studio Solution File, Format Version 12.00
# Visual Studio Version 17
VisualStudioVersion = 17.0.31903.59
MinimumVisualStudioVersion = 10.0.40219.1
Project("{FAE04EC0-301F-11D3-BF4B-00C04F79EFBC}") = "WebApi", "WebApi\WebApi.csproj", "{42F6548D-7878-44CB-8B1F-1A272ABFCCC9}"
EndProject
Project("{FAE04EC0-301F-11D3-BF4B-00C04F79EFBC}") = "Entities", "Entities\Entities.csproj", "{73C6193E-A8DA-4612-B023-4CD2A219DAE2}"
EndProject
Project("{FAE04EC0-301F-11D3-BF4B-00C04F79EFBC}") = "Repositories", "Repositories\Repositories.csproj", "{9ACA4C02-0276-4F68-AE07-702DCE4D653C}"
EndProject
Project("{FAE04EC0-301F-11D3-BF4B-00C04F79EFBC}") = "Services", "Services\Services.csproj", "{3CF84FB0-FB4A-44D5-93C9-1C85C66652E8}"
EndProject
Project("{FAE04EC0-301F-11D3-BF4B-00C04F79EFBC}") = "Presentation", "Presentation\Presentation.csproj", "{6099600A-D793-47A8-A1EC-F0ADFE4E4DB1}"
EndProject
Global
	GlobalSection(SolutionConfigurationPlatforms) = preSolution
		Debug|Any CPU = Debug|Any CPU
		Release|Any CPU = Release|Any CPU
	EndGlobalSection
	GlobalSection(SolutionProperties) = preSolution
		HideSolutionNode = FALSE
	EndGlobalSection
	GlobalSection(ProjectConfigurationPlatforms) = postSolution
		{42F6548D-7878-44CB-8B1F-1A272ABFCCC9}.Debug|Any CPU.ActiveCfg = Debug|Any CPU
		{42F6548D-7878-44CB-8B1F-1A272ABFCCC9}.Debug|Any CPU.Build.0 = Debug|Any CPU
		{42F6548D-7878-44CB-8B1F-1A272ABFCCC9}.Release|Any CPU.ActiveCfg = Release|Any CPU
		{42F6548D-7878-44CB-8B1F-1A272ABFCCC9}.Release|Any CPU.Build.0 = Release|Any CPU
		{73C6193E-A8DA-4612-B023-4CD2A219DAE2}.Debug|Any CPU.ActiveCfg = Debug|Any CPU
		{73C6193E-A8DA-4612-B023-4CD2A219DAE2}.Debug|Any CPU.Build.0 = Debug|Any CPU
		{73C6193E-A8DA-4612-B023-4CD2A219DAE2}.Release|Any CPU.ActiveCfg = Release|Any CPU
		{73C6193E-A8DA-4612-B023-4CD2A219DAE2}.Release|Any CPU.Build.0 = Release|Any CPU
		{9ACA4C02-0276-4F68-AE07-702DCE4D653C}.Debug|Any CPU.ActiveCfg = Debug|Any CPU
		{9ACA4C02-0276-4F68-AE07-702DCE4D653C}.Debug|Any CPU.Build.0 = Debug|Any CPU
		{9ACA4C02-0276-4F68-AE07-702DCE4D653C}.Release|Any CPU.ActiveCfg = Release|Any CPU
		{9ACA4C02-0276-4F68-AE07-702DCE4D653C}.Release|Any CPU.Build.0 = Release|Any CPU
		{3CF84FB0-FB4A-44D5-93C9-1C85C66652E8}.Debug|Any CPU.ActiveCfg = Debug|Any CPU
		{3CF84FB0-FB4A-44D5-93C9-1C85C66652E8}.Debug|Any CPU.Build.0 = Debug|Any CPU
		{3CF84FB0-FB4A-44D5-93C9-1C85C66652E8}.Release|Any CPU.ActiveCfg = Release|Any CPU
		{3CF84FB0-FB4A-44D5-93C9-1C85C66652E8}.Release|Any CPU.Build.0 = Release|Any CPU
		{6099600A-D793-47A8-A1EC-F0ADFE4E4DB1}.Debug|Any CPU.ActiveCfg = Debug|Any CPU
		{6099600A-D793-47A8-A1EC-F0ADFE4E4DB1}.Debug|Any CPU.Build.0 = Debug|Any CPU
		{6099600A-D793-47A8-A1EC-F0ADFE4E4DB1}.Release|Any CPU.ActiveCfg = Release|Any CPU
		{6099600A-D793-47A8-A1EC-F0ADFE4E4DB1}.Release|Any CPU.Build.0 = Release|Any CPU
	EndGlobalSection
EndGlobal
